// !$*UTF8*$!
{
	archiveVersion = 1;
	classes = {
	};
	objectVersion = 56;
	objects = {

/* Begin PBXBuildFile section */
		64523D6A2B80B5EE007F2963 /* OrderCheckingCell.swift in Sources */ = {isa = PBXBuildFile; fileRef = 64523D692B80B5EE007F2963 /* OrderCheckingCell.swift */; };
		64523D6D2B80B628007F2963 /* OrderChekingCoordinatorProtocol.swift in Sources */ = {isa = PBXBuildFile; fileRef = 64523D6C2B80B628007F2963 /* OrderChekingCoordinatorProtocol.swift */; };
		64523D6F2B80B684007F2963 /* OrderCheckingViewModel.swift in Sources */ = {isa = PBXBuildFile; fileRef = 64523D6E2B80B684007F2963 /* OrderCheckingViewModel.swift */; };
		64523D712B80B6B0007F2963 /* OrderCheckingViewModelTests.swift in Sources */ = {isa = PBXBuildFile; fileRef = 64523D702B80B6B0007F2963 /* OrderCheckingViewModelTests.swift */; };
		64523D732B80BA25007F2963 /* HistoryOrderUseCase.swift in Sources */ = {isa = PBXBuildFile; fileRef = 64523D722B80BA25007F2963 /* HistoryOrderUseCase.swift */; };
		64523D752B80BA39007F2963 /* HistoryOrder.swift in Sources */ = {isa = PBXBuildFile; fileRef = 64523D742B80BA39007F2963 /* HistoryOrder.swift */; };
		64523D772B80BA88007F2963 /* HistoryOrderTests.swift in Sources */ = {isa = PBXBuildFile; fileRef = 64523D762B80BA88007F2963 /* HistoryOrderTests.swift */; };
		645939B12B804AFD0068C280 /* AppDelegate.swift in Sources */ = {isa = PBXBuildFile; fileRef = 645939B02B804AFD0068C280 /* AppDelegate.swift */; };
		645939B32B804AFD0068C280 /* SceneDelegate.swift in Sources */ = {isa = PBXBuildFile; fileRef = 645939B22B804AFD0068C280 /* SceneDelegate.swift */; };
		645939B52B804AFD0068C280 /* ViewController.swift in Sources */ = {isa = PBXBuildFile; fileRef = 645939B42B804AFD0068C280 /* ViewController.swift */; };
		645939BA2B804AFF0068C280 /* Assets.xcassets in Resources */ = {isa = PBXBuildFile; fileRef = 645939B92B804AFF0068C280 /* Assets.xcassets */; };
		645939BD2B804AFF0068C280 /* LaunchScreen.storyboard in Resources */ = {isa = PBXBuildFile; fileRef = 645939BB2B804AFF0068C280 /* LaunchScreen.storyboard */; };
		645939D22B804AFF0068C280 /* JKOShopUITests.swift in Sources */ = {isa = PBXBuildFile; fileRef = 645939D12B804AFF0068C280 /* JKOShopUITests.swift */; };
		645939D42B804AFF0068C280 /* JKOShopUITestsLaunchTests.swift in Sources */ = {isa = PBXBuildFile; fileRef = 645939D32B804AFF0068C280 /* JKOShopUITestsLaunchTests.swift */; };
		64E5ABF32B80539F0002940C /* RxBlocking in Frameworks */ = {isa = PBXBuildFile; productRef = 64E5ABF22B80539F0002940C /* RxBlocking */; };
		64E5ABF52B80539F0002940C /* RxBlocking-Dynamic in Frameworks */ = {isa = PBXBuildFile; productRef = 64E5ABF42B80539F0002940C /* RxBlocking-Dynamic */; };
		64E5ABF72B80539F0002940C /* RxCocoa in Frameworks */ = {isa = PBXBuildFile; productRef = 64E5ABF62B80539F0002940C /* RxCocoa */; };
		64E5ABF92B80539F0002940C /* RxCocoa-Dynamic in Frameworks */ = {isa = PBXBuildFile; productRef = 64E5ABF82B80539F0002940C /* RxCocoa-Dynamic */; };
		64E5ABFB2B80539F0002940C /* RxRelay in Frameworks */ = {isa = PBXBuildFile; productRef = 64E5ABFA2B80539F0002940C /* RxRelay */; };
		64E5ABFD2B80539F0002940C /* RxRelay-Dynamic in Frameworks */ = {isa = PBXBuildFile; productRef = 64E5ABFC2B80539F0002940C /* RxRelay-Dynamic */; };
		64E5ABFF2B80539F0002940C /* RxSwift in Frameworks */ = {isa = PBXBuildFile; productRef = 64E5ABFE2B80539F0002940C /* RxSwift */; };
		64E5AC012B80539F0002940C /* RxSwift-Dynamic in Frameworks */ = {isa = PBXBuildFile; productRef = 64E5AC002B80539F0002940C /* RxSwift-Dynamic */; };
		64E5AC032B80539F0002940C /* RxTest in Frameworks */ = {isa = PBXBuildFile; productRef = 64E5AC022B80539F0002940C /* RxTest */; };
		64E5AC052B80539F0002940C /* RxTest-Dynamic in Frameworks */ = {isa = PBXBuildFile; productRef = 64E5AC042B80539F0002940C /* RxTest-Dynamic */; };
		64E5AC082B8053C00002940C /* Kingfisher in Frameworks */ = {isa = PBXBuildFile; productRef = 64E5AC072B8053C00002940C /* Kingfisher */; };
		64E5AC0B2B8054410002940C /* SnapKit in Frameworks */ = {isa = PBXBuildFile; productRef = 64E5AC0A2B8054410002940C /* SnapKit */; };
		64E5AC0D2B8054410002940C /* SnapKit-Dynamic in Frameworks */ = {isa = PBXBuildFile; productRef = 64E5AC0C2B8054410002940C /* SnapKit-Dynamic */; };
		64E5AC102B805A9A0002940C /* Product_list.json in Resources */ = {isa = PBXBuildFile; fileRef = 64E5AC0F2B805A9A0002940C /* Product_list.json */; };
		64E5AC132B805C280002940C /* ShopItem.swift in Sources */ = {isa = PBXBuildFile; fileRef = 64E5AC122B805C280002940C /* ShopItem.swift */; };
		64E5AC152B805C570002940C /* Order.swift in Sources */ = {isa = PBXBuildFile; fileRef = 64E5AC142B805C570002940C /* Order.swift */; };
		64E5AC172B805C6E0002940C /* ErrorInfo.swift in Sources */ = {isa = PBXBuildFile; fileRef = 64E5AC162B805C6E0002940C /* ErrorInfo.swift */; };
		64E5AC192B805CA70002940C /* HudTracker.swift in Sources */ = {isa = PBXBuildFile; fileRef = 64E5AC182B805CA70002940C /* HudTracker.swift */; };
		64E5AC1B2B805CC10002940C /* ErrorTracker.swift in Sources */ = {isa = PBXBuildFile; fileRef = 64E5AC1A2B805CC10002940C /* ErrorTracker.swift */; };
		64E5AC1D2B805D090002940C /* Endpoint.swift in Sources */ = {isa = PBXBuildFile; fileRef = 64E5AC1C2B805D090002940C /* Endpoint.swift */; };
		64E5AC222B805E8F0002940C /* ProductListViewController.swift in Sources */ = {isa = PBXBuildFile; fileRef = 64E5AC212B805E8F0002940C /* ProductListViewController.swift */; };
		64E5AC282B805F010002940C /* ProductDetailViewController.swift in Sources */ = {isa = PBXBuildFile; fileRef = 64E5AC272B805F010002940C /* ProductDetailViewController.swift */; };
		64E5AC2A2B805F120002940C /* CartViewController.swift in Sources */ = {isa = PBXBuildFile; fileRef = 64E5AC292B805F120002940C /* CartViewController.swift */; };
		64E5AC2C2B805F2F0002940C /* OrderCheckingViewController.swift in Sources */ = {isa = PBXBuildFile; fileRef = 64E5AC2B2B805F2F0002940C /* OrderCheckingViewController.swift */; };
		64E5AC2E2B805F410002940C /* HistoryOrderViewController.swift in Sources */ = {isa = PBXBuildFile; fileRef = 64E5AC2D2B805F410002940C /* HistoryOrderViewController.swift */; };
		64E5AC302B805F670002940C /* EmptyView.swift in Sources */ = {isa = PBXBuildFile; fileRef = 64E5AC2F2B805F670002940C /* EmptyView.swift */; };
		64E5AC322B805F870002940C /* IndicatorView.swift in Sources */ = {isa = PBXBuildFile; fileRef = 64E5AC312B805F870002940C /* IndicatorView.swift */; };
		64E5AC3A2B8078BC0002940C /* ViewModelType.swift in Sources */ = {isa = PBXBuildFile; fileRef = 64E5AC392B8078BC0002940C /* ViewModelType.swift */; };
		64E5AC3C2B8078DB0002940C /* ShopItemsViewModel.swift in Sources */ = {isa = PBXBuildFile; fileRef = 64E5AC3B2B8078DB0002940C /* ShopItemsViewModel.swift */; };
		64E5AC3E2B8079170002940C /* NetwrokService.swift in Sources */ = {isa = PBXBuildFile; fileRef = 64E5AC3D2B8079170002940C /* NetwrokService.swift */; };
		64E5AC402B80799F0002940C /* OrderTests.swift in Sources */ = {isa = PBXBuildFile; fileRef = 64E5AC3F2B80799F0002940C /* OrderTests.swift */; };
		64E5AC422B8079D20002940C /* ShopItemTests.swift in Sources */ = {isa = PBXBuildFile; fileRef = 64E5AC412B8079D20002940C /* ShopItemTests.swift */; };
		64E5AC562B807F5E0002940C /* ProductList.swift in Sources */ = {isa = PBXBuildFile; fileRef = 64E5AC552B807F5E0002940C /* ProductList.swift */; };
		64E5AC5A2B807FBC0002940C /* ProductListUseCase.swift in Sources */ = {isa = PBXBuildFile; fileRef = 64E5AC592B807FBC0002940C /* ProductListUseCase.swift */; };
		64E5AC5D2B807FEB0002940C /* MockService.swift in Sources */ = {isa = PBXBuildFile; fileRef = 64E5AC5C2B807FEB0002940C /* MockService.swift */; };
		64E5AC632B8082D90002940C /* ProductListEndpoint.swift in Sources */ = {isa = PBXBuildFile; fileRef = 64E5AC622B8082D90002940C /* ProductListEndpoint.swift */; };
		64E5AC652B8083A00002940C /* RandomImageInfo.swift in Sources */ = {isa = PBXBuildFile; fileRef = 64E5AC642B8083A00002940C /* RandomImageInfo.swift */; };
		64E5AC672B80857E0002940C /* ProductListUseCaseTests.swift in Sources */ = {isa = PBXBuildFile; fileRef = 64E5AC662B80857E0002940C /* ProductListUseCaseTests.swift */; };
		64E5AC6A2B8086380002940C /* ProductListCell.swift in Sources */ = {isa = PBXBuildFile; fileRef = 64E5AC692B8086380002940C /* ProductListCell.swift */; };
		64E5AC6C2B8086750002940C /* UITableView++.swift in Sources */ = {isa = PBXBuildFile; fileRef = 64E5AC6B2B8086750002940C /* UITableView++.swift */; };
		64E5AC6E2B8086BE0002940C /* ProductListViewModel.swift in Sources */ = {isa = PBXBuildFile; fileRef = 64E5AC6D2B8086BE0002940C /* ProductListViewModel.swift */; };
		64E5AC702B8086DA0002940C /* ProductCoordinatorProcotol.swift in Sources */ = {isa = PBXBuildFile; fileRef = 64E5AC6F2B8086DA0002940C /* ProductCoordinatorProcotol.swift */; };
		64E5AC722B8087150002940C /* Reactive+UIViewController.swift in Sources */ = {isa = PBXBuildFile; fileRef = 64E5AC712B8087150002940C /* Reactive+UIViewController.swift */; };
		64E5AC742B8087650002940C /* Coordinator.swift in Sources */ = {isa = PBXBuildFile; fileRef = 64E5AC732B8087650002940C /* Coordinator.swift */; };
		64E5AC762B8087E60002940C /* MockCoordinator.swift in Sources */ = {isa = PBXBuildFile; fileRef = 64E5AC752B8087E60002940C /* MockCoordinator.swift */; };
		64E5AC792B8088690002940C /* ProductListViewModelTests.swift in Sources */ = {isa = PBXBuildFile; fileRef = 64E5AC782B8088690002940C /* ProductListViewModelTests.swift */; };
		64E5AC7B2B80888E0002940C /* MockUseCase.swift in Sources */ = {isa = PBXBuildFile; fileRef = 64E5AC7A2B80888E0002940C /* MockUseCase.swift */; };
		64E5AC7D2B8088EB0002940C /* Date++String.swift in Sources */ = {isa = PBXBuildFile; fileRef = 64E5AC7C2B8088EB0002940C /* Date++String.swift */; };
		64E5AC7F2B8088FD0002940C /* Int++String.swift in Sources */ = {isa = PBXBuildFile; fileRef = 64E5AC7E2B8088FD0002940C /* Int++String.swift */; };
		64E5AC812B8089450002940C /* MockShopModel.swift in Sources */ = {isa = PBXBuildFile; fileRef = 64E5AC802B8089450002940C /* MockShopModel.swift */; };
		64E5AC852B8092AB0002940C /* ProductDetailUseCase.swift in Sources */ = {isa = PBXBuildFile; fileRef = 64E5AC842B8092AB0002940C /* ProductDetailUseCase.swift */; };
		64E5AC872B8092DA0002940C /* UseCase.swift in Sources */ = {isa = PBXBuildFile; fileRef = 64E5AC862B8092DA0002940C /* UseCase.swift */; };
		64E5AC892B8093E00002940C /* Repository.swift in Sources */ = {isa = PBXBuildFile; fileRef = 64E5AC882B8093E00002940C /* Repository.swift */; };
		64E5AC8B2B8093F80002940C /* ProductDetail.swift in Sources */ = {isa = PBXBuildFile; fileRef = 64E5AC8A2B8093F80002940C /* ProductDetail.swift */; };
		64E5AC8D2B8094200002940C /* ProductDetailUseCaseTests.swift in Sources */ = {isa = PBXBuildFile; fileRef = 64E5AC8C2B8094200002940C /* ProductDetailUseCaseTests.swift */; };
		64E5AC912B80944F0002940C /* MockRepo.swift in Sources */ = {isa = PBXBuildFile; fileRef = 64E5AC902B80944F0002940C /* MockRepo.swift */; };
		64E5AC932B8094B00002940C /* ProductDetailViewModel.swift in Sources */ = {isa = PBXBuildFile; fileRef = 64E5AC922B8094B00002940C /* ProductDetailViewModel.swift */; };
		64E5AC952B8094BB0002940C /* ProductDetailCoordinatorProtocol.swift in Sources */ = {isa = PBXBuildFile; fileRef = 64E5AC942B8094BB0002940C /* ProductDetailCoordinatorProtocol.swift */; };
		64E5AC992B8095970002940C /* ProductDetailViewModelTests.swift in Sources */ = {isa = PBXBuildFile; fileRef = 64E5AC982B8095970002940C /* ProductDetailViewModelTests.swift */; };
		64E5AC9B2B80AEDF0002940C /* CartUseCase.swift in Sources */ = {isa = PBXBuildFile; fileRef = 64E5AC9A2B80AEDF0002940C /* CartUseCase.swift */; };
		64E5AC9D2B80AEFC0002940C /* CartViewCellViewModel.swift in Sources */ = {isa = PBXBuildFile; fileRef = 64E5AC9C2B80AEFC0002940C /* CartViewCellViewModel.swift */; };
		64E5AC9F2B80AF2E0002940C /* Cart.swift in Sources */ = {isa = PBXBuildFile; fileRef = 64E5AC9E2B80AF2E0002940C /* Cart.swift */; };
		64E5ACA12B80AF940002940C /* CartViewCoordinatorProtocol.swift in Sources */ = {isa = PBXBuildFile; fileRef = 64E5ACA02B80AF940002940C /* CartViewCoordinatorProtocol.swift */; };
		64E5ACA32B80AFF20002940C /* CartViewModel.swift in Sources */ = {isa = PBXBuildFile; fileRef = 64E5ACA22B80AFF20002940C /* CartViewModel.swift */; };
		64E5ACA52B80B01D0002940C /* CartViewModelTests.swift in Sources */ = {isa = PBXBuildFile; fileRef = 64E5ACA42B80B01D0002940C /* CartViewModelTests.swift */; };
		64E5ACA72B80B2230002940C /* CartTableViewCell.swift in Sources */ = {isa = PBXBuildFile; fileRef = 64E5ACA62B80B2230002940C /* CartTableViewCell.swift */; };
		64E5ACA92B80B3900002940C /* OrderFooterViewModel.swift in Sources */ = {isa = PBXBuildFile; fileRef = 64E5ACA82B80B3900002940C /* OrderFooterViewModel.swift */; };
		64E5ACAB2B80B3A60002940C /* OrderCheckingUseCase.swift in Sources */ = {isa = PBXBuildFile; fileRef = 64E5ACAA2B80B3A60002940C /* OrderCheckingUseCase.swift */; };
		64E5ACAD2B80B3B80002940C /* OrderChecking.swift in Sources */ = {isa = PBXBuildFile; fileRef = 64E5ACAC2B80B3B80002940C /* OrderChecking.swift */; };
		64E5ACAF2B80B40B0002940C /* OrderCheckingUseCaseTests.swift in Sources */ = {isa = PBXBuildFile; fileRef = 64E5ACAE2B80B40B0002940C /* OrderCheckingUseCaseTests.swift */; };
/* End PBXBuildFile section */

/* Begin PBXContainerItemProxy section */
		645939C42B804AFF0068C280 /* PBXContainerItemProxy */ = {
			isa = PBXContainerItemProxy;
			containerPortal = 645939A52B804AFD0068C280 /* Project object */;
			proxyType = 1;
			remoteGlobalIDString = 645939AC2B804AFD0068C280;
			remoteInfo = JKOShop;
		};
		645939CE2B804AFF0068C280 /* PBXContainerItemProxy */ = {
			isa = PBXContainerItemProxy;
			containerPortal = 645939A52B804AFD0068C280 /* Project object */;
			proxyType = 1;
			remoteGlobalIDString = 645939AC2B804AFD0068C280;
			remoteInfo = JKOShop;
		};
/* End PBXContainerItemProxy section */

/* Begin PBXFileReference section */
		64523D692B80B5EE007F2963 /* OrderCheckingCell.swift */ = {isa = PBXFileReference; lastKnownFileType = sourcecode.swift; path = OrderCheckingCell.swift; sourceTree = "<group>"; };
		64523D6C2B80B628007F2963 /* OrderChekingCoordinatorProtocol.swift */ = {isa = PBXFileReference; lastKnownFileType = sourcecode.swift; path = OrderChekingCoordinatorProtocol.swift; sourceTree = "<group>"; };
		64523D6E2B80B684007F2963 /* OrderCheckingViewModel.swift */ = {isa = PBXFileReference; lastKnownFileType = sourcecode.swift; path = OrderCheckingViewModel.swift; sourceTree = "<group>"; };
		64523D702B80B6B0007F2963 /* OrderCheckingViewModelTests.swift */ = {isa = PBXFileReference; lastKnownFileType = sourcecode.swift; path = OrderCheckingViewModelTests.swift; sourceTree = "<group>"; };
		64523D722B80BA25007F2963 /* HistoryOrderUseCase.swift */ = {isa = PBXFileReference; lastKnownFileType = sourcecode.swift; path = HistoryOrderUseCase.swift; sourceTree = "<group>"; };
		64523D742B80BA39007F2963 /* HistoryOrder.swift */ = {isa = PBXFileReference; lastKnownFileType = sourcecode.swift; path = HistoryOrder.swift; sourceTree = "<group>"; };
		64523D762B80BA88007F2963 /* HistoryOrderTests.swift */ = {isa = PBXFileReference; lastKnownFileType = sourcecode.swift; path = HistoryOrderTests.swift; sourceTree = "<group>"; };
		645939AD2B804AFD0068C280 /* JKOShop.app */ = {isa = PBXFileReference; explicitFileType = wrapper.application; includeInIndex = 0; path = JKOShop.app; sourceTree = BUILT_PRODUCTS_DIR; };
		645939B02B804AFD0068C280 /* AppDelegate.swift */ = {isa = PBXFileReference; lastKnownFileType = sourcecode.swift; path = AppDelegate.swift; sourceTree = "<group>"; };
		645939B22B804AFD0068C280 /* SceneDelegate.swift */ = {isa = PBXFileReference; lastKnownFileType = sourcecode.swift; path = SceneDelegate.swift; sourceTree = "<group>"; };
		645939B42B804AFD0068C280 /* ViewController.swift */ = {isa = PBXFileReference; lastKnownFileType = sourcecode.swift; path = ViewController.swift; sourceTree = "<group>"; };
		645939B92B804AFF0068C280 /* Assets.xcassets */ = {isa = PBXFileReference; lastKnownFileType = folder.assetcatalog; path = Assets.xcassets; sourceTree = "<group>"; };
		645939BC2B804AFF0068C280 /* Base */ = {isa = PBXFileReference; lastKnownFileType = file.storyboard; name = Base; path = Base.lproj/LaunchScreen.storyboard; sourceTree = "<group>"; };
		645939BE2B804AFF0068C280 /* Info.plist */ = {isa = PBXFileReference; lastKnownFileType = text.plist.xml; path = Info.plist; sourceTree = "<group>"; };
		645939C32B804AFF0068C280 /* JKOShopTests.xctest */ = {isa = PBXFileReference; explicitFileType = wrapper.cfbundle; includeInIndex = 0; path = JKOShopTests.xctest; sourceTree = BUILT_PRODUCTS_DIR; };
		645939CD2B804AFF0068C280 /* JKOShopUITests.xctest */ = {isa = PBXFileReference; explicitFileType = wrapper.cfbundle; includeInIndex = 0; path = JKOShopUITests.xctest; sourceTree = BUILT_PRODUCTS_DIR; };
		645939D12B804AFF0068C280 /* JKOShopUITests.swift */ = {isa = PBXFileReference; lastKnownFileType = sourcecode.swift; path = JKOShopUITests.swift; sourceTree = "<group>"; };
		645939D32B804AFF0068C280 /* JKOShopUITestsLaunchTests.swift */ = {isa = PBXFileReference; lastKnownFileType = sourcecode.swift; path = JKOShopUITestsLaunchTests.swift; sourceTree = "<group>"; };
		64E5AC0F2B805A9A0002940C /* Product_list.json */ = {isa = PBXFileReference; lastKnownFileType = text.json; path = Product_list.json; sourceTree = "<group>"; };
		64E5AC122B805C280002940C /* ShopItem.swift */ = {isa = PBXFileReference; lastKnownFileType = sourcecode.swift; path = ShopItem.swift; sourceTree = "<group>"; };
		64E5AC142B805C570002940C /* Order.swift */ = {isa = PBXFileReference; lastKnownFileType = sourcecode.swift; path = Order.swift; sourceTree = "<group>"; };
		64E5AC162B805C6E0002940C /* ErrorInfo.swift */ = {isa = PBXFileReference; lastKnownFileType = sourcecode.swift; path = ErrorInfo.swift; sourceTree = "<group>"; };
		64E5AC182B805CA70002940C /* HudTracker.swift */ = {isa = PBXFileReference; lastKnownFileType = sourcecode.swift; path = HudTracker.swift; sourceTree = "<group>"; };
		64E5AC1A2B805CC10002940C /* ErrorTracker.swift */ = {isa = PBXFileReference; lastKnownFileType = sourcecode.swift; path = ErrorTracker.swift; sourceTree = "<group>"; };
		64E5AC1C2B805D090002940C /* Endpoint.swift */ = {isa = PBXFileReference; lastKnownFileType = sourcecode.swift; path = Endpoint.swift; sourceTree = "<group>"; };
		64E5AC212B805E8F0002940C /* ProductListViewController.swift */ = {isa = PBXFileReference; lastKnownFileType = sourcecode.swift; path = ProductListViewController.swift; sourceTree = "<group>"; };
		64E5AC272B805F010002940C /* ProductDetailViewController.swift */ = {isa = PBXFileReference; lastKnownFileType = sourcecode.swift; path = ProductDetailViewController.swift; sourceTree = "<group>"; };
		64E5AC292B805F120002940C /* CartViewController.swift */ = {isa = PBXFileReference; lastKnownFileType = sourcecode.swift; path = CartViewController.swift; sourceTree = "<group>"; };
		64E5AC2B2B805F2F0002940C /* OrderCheckingViewController.swift */ = {isa = PBXFileReference; lastKnownFileType = sourcecode.swift; path = OrderCheckingViewController.swift; sourceTree = "<group>"; };
		64E5AC2D2B805F410002940C /* HistoryOrderViewController.swift */ = {isa = PBXFileReference; lastKnownFileType = sourcecode.swift; path = HistoryOrderViewController.swift; sourceTree = "<group>"; };
		64E5AC2F2B805F670002940C /* EmptyView.swift */ = {isa = PBXFileReference; lastKnownFileType = sourcecode.swift; path = EmptyView.swift; sourceTree = "<group>"; };
		64E5AC312B805F870002940C /* IndicatorView.swift */ = {isa = PBXFileReference; lastKnownFileType = sourcecode.swift; path = IndicatorView.swift; sourceTree = "<group>"; };
		64E5AC392B8078BC0002940C /* ViewModelType.swift */ = {isa = PBXFileReference; lastKnownFileType = sourcecode.swift; path = ViewModelType.swift; sourceTree = "<group>"; };
		64E5AC3B2B8078DB0002940C /* ShopItemsViewModel.swift */ = {isa = PBXFileReference; lastKnownFileType = sourcecode.swift; path = ShopItemsViewModel.swift; sourceTree = "<group>"; };
		64E5AC3D2B8079170002940C /* NetwrokService.swift */ = {isa = PBXFileReference; lastKnownFileType = sourcecode.swift; path = NetwrokService.swift; sourceTree = "<group>"; };
		64E5AC3F2B80799F0002940C /* OrderTests.swift */ = {isa = PBXFileReference; lastKnownFileType = sourcecode.swift; path = OrderTests.swift; sourceTree = "<group>"; };
		64E5AC412B8079D20002940C /* ShopItemTests.swift */ = {isa = PBXFileReference; lastKnownFileType = sourcecode.swift; path = ShopItemTests.swift; sourceTree = "<group>"; };
		64E5AC552B807F5E0002940C /* ProductList.swift */ = {isa = PBXFileReference; lastKnownFileType = sourcecode.swift; path = ProductList.swift; sourceTree = "<group>"; };
		64E5AC592B807FBC0002940C /* ProductListUseCase.swift */ = {isa = PBXFileReference; lastKnownFileType = sourcecode.swift; path = ProductListUseCase.swift; sourceTree = "<group>"; };
		64E5AC5C2B807FEB0002940C /* MockService.swift */ = {isa = PBXFileReference; lastKnownFileType = sourcecode.swift; path = MockService.swift; sourceTree = "<group>"; };
		64E5AC622B8082D90002940C /* ProductListEndpoint.swift */ = {isa = PBXFileReference; lastKnownFileType = sourcecode.swift; path = ProductListEndpoint.swift; sourceTree = "<group>"; };
		64E5AC642B8083A00002940C /* RandomImageInfo.swift */ = {isa = PBXFileReference; lastKnownFileType = sourcecode.swift; path = RandomImageInfo.swift; sourceTree = "<group>"; };
		64E5AC662B80857E0002940C /* ProductListUseCaseTests.swift */ = {isa = PBXFileReference; lastKnownFileType = sourcecode.swift; path = ProductListUseCaseTests.swift; sourceTree = "<group>"; };
		64E5AC692B8086380002940C /* ProductListCell.swift */ = {isa = PBXFileReference; lastKnownFileType = sourcecode.swift; path = ProductListCell.swift; sourceTree = "<group>"; };
		64E5AC6B2B8086750002940C /* UITableView++.swift */ = {isa = PBXFileReference; lastKnownFileType = sourcecode.swift; path = "UITableView++.swift"; sourceTree = "<group>"; };
		64E5AC6D2B8086BE0002940C /* ProductListViewModel.swift */ = {isa = PBXFileReference; lastKnownFileType = sourcecode.swift; path = ProductListViewModel.swift; sourceTree = "<group>"; };
		64E5AC6F2B8086DA0002940C /* ProductCoordinatorProcotol.swift */ = {isa = PBXFileReference; lastKnownFileType = sourcecode.swift; path = ProductCoordinatorProcotol.swift; sourceTree = "<group>"; };
		64E5AC712B8087150002940C /* Reactive+UIViewController.swift */ = {isa = PBXFileReference; lastKnownFileType = sourcecode.swift; path = "Reactive+UIViewController.swift"; sourceTree = "<group>"; };
		64E5AC732B8087650002940C /* Coordinator.swift */ = {isa = PBXFileReference; lastKnownFileType = sourcecode.swift; path = Coordinator.swift; sourceTree = "<group>"; };
		64E5AC752B8087E60002940C /* MockCoordinator.swift */ = {isa = PBXFileReference; lastKnownFileType = sourcecode.swift; path = MockCoordinator.swift; sourceTree = "<group>"; };
		64E5AC782B8088690002940C /* ProductListViewModelTests.swift */ = {isa = PBXFileReference; lastKnownFileType = sourcecode.swift; path = ProductListViewModelTests.swift; sourceTree = "<group>"; };
		64E5AC7A2B80888E0002940C /* MockUseCase.swift */ = {isa = PBXFileReference; lastKnownFileType = sourcecode.swift; path = MockUseCase.swift; sourceTree = "<group>"; };
		64E5AC7C2B8088EB0002940C /* Date++String.swift */ = {isa = PBXFileReference; lastKnownFileType = sourcecode.swift; path = "Date++String.swift"; sourceTree = "<group>"; };
		64E5AC7E2B8088FD0002940C /* Int++String.swift */ = {isa = PBXFileReference; lastKnownFileType = sourcecode.swift; path = "Int++String.swift"; sourceTree = "<group>"; };
		64E5AC802B8089450002940C /* MockShopModel.swift */ = {isa = PBXFileReference; lastKnownFileType = sourcecode.swift; path = MockShopModel.swift; sourceTree = "<group>"; };
		64E5AC842B8092AB0002940C /* ProductDetailUseCase.swift */ = {isa = PBXFileReference; lastKnownFileType = sourcecode.swift; path = ProductDetailUseCase.swift; sourceTree = "<group>"; };
		64E5AC862B8092DA0002940C /* UseCase.swift */ = {isa = PBXFileReference; lastKnownFileType = sourcecode.swift; path = UseCase.swift; sourceTree = "<group>"; };
		64E5AC882B8093E00002940C /* Repository.swift */ = {isa = PBXFileReference; lastKnownFileType = sourcecode.swift; path = Repository.swift; sourceTree = "<group>"; };
		64E5AC8A2B8093F80002940C /* ProductDetail.swift */ = {isa = PBXFileReference; lastKnownFileType = sourcecode.swift; path = ProductDetail.swift; sourceTree = "<group>"; };
		64E5AC8C2B8094200002940C /* ProductDetailUseCaseTests.swift */ = {isa = PBXFileReference; lastKnownFileType = sourcecode.swift; path = ProductDetailUseCaseTests.swift; sourceTree = "<group>"; };
		64E5AC902B80944F0002940C /* MockRepo.swift */ = {isa = PBXFileReference; lastKnownFileType = sourcecode.swift; path = MockRepo.swift; sourceTree = "<group>"; };
		64E5AC922B8094B00002940C /* ProductDetailViewModel.swift */ = {isa = PBXFileReference; lastKnownFileType = sourcecode.swift; path = ProductDetailViewModel.swift; sourceTree = "<group>"; };
		64E5AC942B8094BB0002940C /* ProductDetailCoordinatorProtocol.swift */ = {isa = PBXFileReference; lastKnownFileType = sourcecode.swift; path = ProductDetailCoordinatorProtocol.swift; sourceTree = "<group>"; };
		64E5AC982B8095970002940C /* ProductDetailViewModelTests.swift */ = {isa = PBXFileReference; lastKnownFileType = sourcecode.swift; path = ProductDetailViewModelTests.swift; sourceTree = "<group>"; };
		64E5AC9A2B80AEDF0002940C /* CartUseCase.swift */ = {isa = PBXFileReference; lastKnownFileType = sourcecode.swift; path = CartUseCase.swift; sourceTree = "<group>"; };
		64E5AC9C2B80AEFC0002940C /* CartViewCellViewModel.swift */ = {isa = PBXFileReference; lastKnownFileType = sourcecode.swift; path = CartViewCellViewModel.swift; sourceTree = "<group>"; };
		64E5AC9E2B80AF2E0002940C /* Cart.swift */ = {isa = PBXFileReference; lastKnownFileType = sourcecode.swift; path = Cart.swift; sourceTree = "<group>"; };
		64E5ACA02B80AF940002940C /* CartViewCoordinatorProtocol.swift */ = {isa = PBXFileReference; lastKnownFileType = sourcecode.swift; path = CartViewCoordinatorProtocol.swift; sourceTree = "<group>"; };
		64E5ACA22B80AFF20002940C /* CartViewModel.swift */ = {isa = PBXFileReference; lastKnownFileType = sourcecode.swift; path = CartViewModel.swift; sourceTree = "<group>"; };
		64E5ACA42B80B01D0002940C /* CartViewModelTests.swift */ = {isa = PBXFileReference; lastKnownFileType = sourcecode.swift; path = CartViewModelTests.swift; sourceTree = "<group>"; };
		64E5ACA62B80B2230002940C /* CartTableViewCell.swift */ = {isa = PBXFileReference; lastKnownFileType = sourcecode.swift; path = CartTableViewCell.swift; sourceTree = "<group>"; };
		64E5ACA82B80B3900002940C /* OrderFooterViewModel.swift */ = {isa = PBXFileReference; lastKnownFileType = sourcecode.swift; path = OrderFooterViewModel.swift; sourceTree = "<group>"; };
		64E5ACAA2B80B3A60002940C /* OrderCheckingUseCase.swift */ = {isa = PBXFileReference; lastKnownFileType = sourcecode.swift; path = OrderCheckingUseCase.swift; sourceTree = "<group>"; };
		64E5ACAC2B80B3B80002940C /* OrderChecking.swift */ = {isa = PBXFileReference; lastKnownFileType = sourcecode.swift; path = OrderChecking.swift; sourceTree = "<group>"; };
		64E5ACAE2B80B40B0002940C /* OrderCheckingUseCaseTests.swift */ = {isa = PBXFileReference; lastKnownFileType = sourcecode.swift; path = OrderCheckingUseCaseTests.swift; sourceTree = "<group>"; };
/* End PBXFileReference section */

/* Begin PBXFrameworksBuildPhase section */
		645939AA2B804AFD0068C280 /* Frameworks */ = {
			isa = PBXFrameworksBuildPhase;
			buildActionMask = 2147483647;
			files = (
				64E5ABFD2B80539F0002940C /* RxRelay-Dynamic in Frameworks */,
				64E5AC0B2B8054410002940C /* SnapKit in Frameworks */,
				64E5ABFB2B80539F0002940C /* RxRelay in Frameworks */,
				64E5AC082B8053C00002940C /* Kingfisher in Frameworks */,
				64E5ABFF2B80539F0002940C /* RxSwift in Frameworks */,
				64E5AC0D2B8054410002940C /* SnapKit-Dynamic in Frameworks */,
				64E5ABF92B80539F0002940C /* RxCocoa-Dynamic in Frameworks */,
				64E5AC012B80539F0002940C /* RxSwift-Dynamic in Frameworks */,
				64E5ABF72B80539F0002940C /* RxCocoa in Frameworks */,
			);
			runOnlyForDeploymentPostprocessing = 0;
		};
		645939C02B804AFF0068C280 /* Frameworks */ = {
			isa = PBXFrameworksBuildPhase;
			buildActionMask = 2147483647;
			files = (
				64E5ABF32B80539F0002940C /* RxBlocking in Frameworks */,
				64E5AC032B80539F0002940C /* RxTest in Frameworks */,
				64E5AC052B80539F0002940C /* RxTest-Dynamic in Frameworks */,
				64E5ABF52B80539F0002940C /* RxBlocking-Dynamic in Frameworks */,
			);
			runOnlyForDeploymentPostprocessing = 0;
		};
		645939CA2B804AFF0068C280 /* Frameworks */ = {
			isa = PBXFrameworksBuildPhase;
			buildActionMask = 2147483647;
			files = (
			);
			runOnlyForDeploymentPostprocessing = 0;
		};
/* End PBXFrameworksBuildPhase section */

/* Begin PBXGroup section */
		64523D682B80B5AC007F2963 /* Component */ = {
			isa = PBXGroup;
			children = (
				64E5ACA62B80B2230002940C /* CartTableViewCell.swift */,
			);
			path = Component;
			sourceTree = "<group>";
		};
		64523D6B2B80B602007F2963 /* Component */ = {
			isa = PBXGroup;
			children = (
				64523D692B80B5EE007F2963 /* OrderCheckingCell.swift */,
			);
			path = Component;
			sourceTree = "<group>";
		};
		645939A42B804AFD0068C280 = {
			isa = PBXGroup;
			children = (
				645939AF2B804AFD0068C280 /* JKOShop */,
				645939C62B804AFF0068C280 /* JKOShopTests */,
				645939D02B804AFF0068C280 /* JKOShopUITests */,
				645939AE2B804AFD0068C280 /* Products */,
			);
			sourceTree = "<group>";
		};
		645939AE2B804AFD0068C280 /* Products */ = {
			isa = PBXGroup;
			children = (
				645939AD2B804AFD0068C280 /* JKOShop.app */,
				645939C32B804AFF0068C280 /* JKOShopTests.xctest */,
				645939CD2B804AFF0068C280 /* JKOShopUITests.xctest */,
			);
			name = Products;
			sourceTree = "<group>";
		};
		645939AF2B804AFD0068C280 /* JKOShop */ = {
			isa = PBXGroup;
			children = (
				645939B02B804AFD0068C280 /* AppDelegate.swift */,
				645939B22B804AFD0068C280 /* SceneDelegate.swift */,
				645939B42B804AFD0068C280 /* ViewController.swift */,
				64E5AC542B807F4B0002940C /* UseCase */,
				64E5AC1E2B805E340002940C /* View */,
				64E5AC382B8078AD0002940C /* Entity */,
				645939BE2B804AFF0068C280 /* Info.plist */,
				64E5AC332B8060720002940C /* Extension */,
				64E5AC0E2B805A560002940C /* Resource */,
			);
			path = JKOShop;
			sourceTree = "<group>";
		};
		645939C62B804AFF0068C280 /* JKOShopTests */ = {
			isa = PBXGroup;
			children = (
				64E5AC772B80885C0002940C /* ViewModelTests */,
				64E5AC5F2B80800A0002940C /* UseCaseTests */,
				64E5AC5B2B807FD20002940C /* MockDependency */,
				64E5AC432B8079F30002940C /* ModelTests */,
			);
			path = JKOShopTests;
			sourceTree = "<group>";
		};
		645939D02B804AFF0068C280 /* JKOShopUITests */ = {
			isa = PBXGroup;
			children = (
				645939D12B804AFF0068C280 /* JKOShopUITests.swift */,
				645939D32B804AFF0068C280 /* JKOShopUITestsLaunchTests.swift */,
			);
			path = JKOShopUITests;
			sourceTree = "<group>";
		};
		64E5AC0E2B805A560002940C /* Resource */ = {
			isa = PBXGroup;
			children = (
				645939B92B804AFF0068C280 /* Assets.xcassets */,
				64E5AC0F2B805A9A0002940C /* Product_list.json */,
				645939BB2B804AFF0068C280 /* LaunchScreen.storyboard */,
			);
			path = Resource;
			sourceTree = "<group>";
		};
		64E5AC112B805C1A0002940C /* Model */ = {
			isa = PBXGroup;
			children = (
				64E5AC122B805C280002940C /* ShopItem.swift */,
				64E5AC642B8083A00002940C /* RandomImageInfo.swift */,
				64E5AC622B8082D90002940C /* ProductListEndpoint.swift */,
				64E5AC142B805C570002940C /* Order.swift */,
				64E5AC182B805CA70002940C /* HudTracker.swift */,
				64E5AC1A2B805CC10002940C /* ErrorTracker.swift */,
				64E5AC162B805C6E0002940C /* ErrorInfo.swift */,
				64E5AC1C2B805D090002940C /* Endpoint.swift */,
			);
			path = Model;
			sourceTree = "<group>";
		};
		64E5AC1E2B805E340002940C /* View */ = {
			isa = PBXGroup;
			children = (
				64E5AC2F2B805F670002940C /* EmptyView.swift */,
				64E5AC312B805F870002940C /* IndicatorView.swift */,
				64E5AC732B8087650002940C /* Coordinator.swift */,
				64E5AC262B805ED60002940C /* OrderChecking */,
				64E5AC252B805EC60002940C /* HistoryOrder */,
				64E5AC242B805EBD0002940C /* Cart */,
				64E5AC232B805EAC0002940C /* ProductDetail */,
				64E5AC202B805E6A0002940C /* Product */,
			);
			path = View;
			sourceTree = "<group>";
		};
		64E5AC202B805E6A0002940C /* Product */ = {
			isa = PBXGroup;
			children = (
				64E5AC682B8086200002940C /* Component */,
				64E5AC212B805E8F0002940C /* ProductListViewController.swift */,
				64E5AC6F2B8086DA0002940C /* ProductCoordinatorProcotol.swift */,
				64E5AC6D2B8086BE0002940C /* ProductListViewModel.swift */,
			);
			path = Product;
			sourceTree = "<group>";
		};
		64E5AC232B805EAC0002940C /* ProductDetail */ = {
			isa = PBXGroup;
			children = (
				64E5AC272B805F010002940C /* ProductDetailViewController.swift */,
				64E5AC922B8094B00002940C /* ProductDetailViewModel.swift */,
				64E5AC942B8094BB0002940C /* ProductDetailCoordinatorProtocol.swift */,
			);
			path = ProductDetail;
			sourceTree = "<group>";
		};
		64E5AC242B805EBD0002940C /* Cart */ = {
			isa = PBXGroup;
			children = (
				64523D682B80B5AC007F2963 /* Component */,
				64E5AC292B805F120002940C /* CartViewController.swift */,
				64E5ACA22B80AFF20002940C /* CartViewModel.swift */,
				64E5ACA02B80AF940002940C /* CartViewCoordinatorProtocol.swift */,
			);
			path = Cart;
			sourceTree = "<group>";
		};
		64E5AC252B805EC60002940C /* HistoryOrder */ = {
			isa = PBXGroup;
			children = (
				64E5AC2D2B805F410002940C /* HistoryOrderViewController.swift */,
			);
			path = HistoryOrder;
			sourceTree = "<group>";
		};
		64E5AC262B805ED60002940C /* OrderChecking */ = {
			isa = PBXGroup;
			children = (
				64523D6B2B80B602007F2963 /* Component */,
				64E5AC2B2B805F2F0002940C /* OrderCheckingViewController.swift */,
				64523D6E2B80B684007F2963 /* OrderCheckingViewModel.swift */,
				64523D6C2B80B628007F2963 /* OrderChekingCoordinatorProtocol.swift */,
			);
			path = OrderChecking;
			sourceTree = "<group>";
		};
		64E5AC332B8060720002940C /* Extension */ = {
			isa = PBXGroup;
			children = (
				64E5AC6B2B8086750002940C /* UITableView++.swift */,
				64E5AC712B8087150002940C /* Reactive+UIViewController.swift */,
				64E5AC7C2B8088EB0002940C /* Date++String.swift */,
				64E5AC7E2B8088FD0002940C /* Int++String.swift */,
			);
			path = Extension;
			sourceTree = "<group>";
		};
		64E5AC382B8078AD0002940C /* Entity */ = {
			isa = PBXGroup;
			children = (
				64E5AC112B805C1A0002940C /* Model */,
				64E5AC392B8078BC0002940C /* ViewModelType.swift */,
				64E5AC9C2B80AEFC0002940C /* CartViewCellViewModel.swift */,
				64E5ACA82B80B3900002940C /* OrderFooterViewModel.swift */,
				64E5AC3B2B8078DB0002940C /* ShopItemsViewModel.swift */,
				64E5AC3D2B8079170002940C /* NetwrokService.swift */,
				64E5AC882B8093E00002940C /* Repository.swift */,
			);
			path = Entity;
			sourceTree = "<group>";
		};
		64E5AC432B8079F30002940C /* ModelTests */ = {
			isa = PBXGroup;
			children = (
				64E5AC3F2B80799F0002940C /* OrderTests.swift */,
				64E5AC412B8079D20002940C /* ShopItemTests.swift */,
			);
			path = ModelTests;
			sourceTree = "<group>";
		};
		64E5AC542B807F4B0002940C /* UseCase */ = {
			isa = PBXGroup;
			children = (
				64E5AC862B8092DA0002940C /* UseCase.swift */,
				64E5AC592B807FBC0002940C /* ProductListUseCase.swift */,
				64E5AC842B8092AB0002940C /* ProductDetailUseCase.swift */,
				64E5ACAA2B80B3A60002940C /* OrderCheckingUseCase.swift */,
				64523D722B80BA25007F2963 /* HistoryOrderUseCase.swift */,
				64E5AC9A2B80AEDF0002940C /* CartUseCase.swift */,
				64E5AC5E2B807FFC0002940C /* Imp */,
			);
			path = UseCase;
			sourceTree = "<group>";
		};
		64E5AC5B2B807FD20002940C /* MockDependency */ = {
			isa = PBXGroup;
			children = (
				64E5AC5C2B807FEB0002940C /* MockService.swift */,
				64E5AC902B80944F0002940C /* MockRepo.swift */,
				64E5AC7A2B80888E0002940C /* MockUseCase.swift */,
				64E5AC752B8087E60002940C /* MockCoordinator.swift */,
				64E5AC802B8089450002940C /* MockShopModel.swift */,
			);
			path = MockDependency;
			sourceTree = "<group>";
		};
		64E5AC5E2B807FFC0002940C /* Imp */ = {
			isa = PBXGroup;
			children = (
				64E5AC552B807F5E0002940C /* ProductList.swift */,
				64E5ACAC2B80B3B80002940C /* OrderChecking.swift */,
				64E5AC9E2B80AF2E0002940C /* Cart.swift */,
				64E5AC8A2B8093F80002940C /* ProductDetail.swift */,
				64523D742B80BA39007F2963 /* HistoryOrder.swift */,
			);
			path = Imp;
			sourceTree = "<group>";
		};
		64E5AC5F2B80800A0002940C /* UseCaseTests */ = {
			isa = PBXGroup;
			children = (
				64E5AC662B80857E0002940C /* ProductListUseCaseTests.swift */,
				64523D762B80BA88007F2963 /* HistoryOrderTests.swift */,
				64E5ACAE2B80B40B0002940C /* OrderCheckingUseCaseTests.swift */,
				64E5AC8C2B8094200002940C /* ProductDetailUseCaseTests.swift */,
			);
			path = UseCaseTests;
			sourceTree = "<group>";
		};
		64E5AC682B8086200002940C /* Component */ = {
			isa = PBXGroup;
			children = (
				64E5AC692B8086380002940C /* ProductListCell.swift */,
			);
			path = Component;
			sourceTree = "<group>";
		};
		64E5AC772B80885C0002940C /* ViewModelTests */ = {
			isa = PBXGroup;
			children = (
				64E5AC782B8088690002940C /* ProductListViewModelTests.swift */,
				64E5ACA42B80B01D0002940C /* CartViewModelTests.swift */,
				64523D702B80B6B0007F2963 /* OrderCheckingViewModelTests.swift */,
				64E5AC982B8095970002940C /* ProductDetailViewModelTests.swift */,
			);
			path = ViewModelTests;
			sourceTree = "<group>";
		};
/* End PBXGroup section */

/* Begin PBXNativeTarget section */
		645939AC2B804AFD0068C280 /* JKOShop */ = {
			isa = PBXNativeTarget;
			buildConfigurationList = 645939D72B804AFF0068C280 /* Build configuration list for PBXNativeTarget "JKOShop" */;
			buildPhases = (
				645939A92B804AFD0068C280 /* Sources */,
				645939AA2B804AFD0068C280 /* Frameworks */,
				645939AB2B804AFD0068C280 /* Resources */,
			);
			buildRules = (
			);
			dependencies = (
			);
			name = JKOShop;
			packageProductDependencies = (
				64E5ABF62B80539F0002940C /* RxCocoa */,
				64E5ABF82B80539F0002940C /* RxCocoa-Dynamic */,
				64E5ABFA2B80539F0002940C /* RxRelay */,
				64E5ABFC2B80539F0002940C /* RxRelay-Dynamic */,
				64E5ABFE2B80539F0002940C /* RxSwift */,
				64E5AC002B80539F0002940C /* RxSwift-Dynamic */,
				64E5AC072B8053C00002940C /* Kingfisher */,
				64E5AC0A2B8054410002940C /* SnapKit */,
				64E5AC0C2B8054410002940C /* SnapKit-Dynamic */,
			);
			productName = JKOShop;
			productReference = 645939AD2B804AFD0068C280 /* JKOShop.app */;
			productType = "com.apple.product-type.application";
		};
		645939C22B804AFF0068C280 /* JKOShopTests */ = {
			isa = PBXNativeTarget;
			buildConfigurationList = 645939DA2B804AFF0068C280 /* Build configuration list for PBXNativeTarget "JKOShopTests" */;
			buildPhases = (
				645939BF2B804AFF0068C280 /* Sources */,
				645939C02B804AFF0068C280 /* Frameworks */,
				645939C12B804AFF0068C280 /* Resources */,
			);
			buildRules = (
			);
			dependencies = (
				645939C52B804AFF0068C280 /* PBXTargetDependency */,
			);
			name = JKOShopTests;
			packageProductDependencies = (
				64E5ABF22B80539F0002940C /* RxBlocking */,
				64E5ABF42B80539F0002940C /* RxBlocking-Dynamic */,
				64E5AC022B80539F0002940C /* RxTest */,
				64E5AC042B80539F0002940C /* RxTest-Dynamic */,
			);
			productName = JKOShopTests;
			productReference = 645939C32B804AFF0068C280 /* JKOShopTests.xctest */;
			productType = "com.apple.product-type.bundle.unit-test";
		};
		645939CC2B804AFF0068C280 /* JKOShopUITests */ = {
			isa = PBXNativeTarget;
			buildConfigurationList = 645939DD2B804AFF0068C280 /* Build configuration list for PBXNativeTarget "JKOShopUITests" */;
			buildPhases = (
				645939C92B804AFF0068C280 /* Sources */,
				645939CA2B804AFF0068C280 /* Frameworks */,
				645939CB2B804AFF0068C280 /* Resources */,
			);
			buildRules = (
			);
			dependencies = (
				645939CF2B804AFF0068C280 /* PBXTargetDependency */,
			);
			name = JKOShopUITests;
			productName = JKOShopUITests;
			productReference = 645939CD2B804AFF0068C280 /* JKOShopUITests.xctest */;
			productType = "com.apple.product-type.bundle.ui-testing";
		};
/* End PBXNativeTarget section */

/* Begin PBXProject section */
		645939A52B804AFD0068C280 /* Project object */ = {
			isa = PBXProject;
			attributes = {
				BuildIndependentTargetsInParallel = 1;
				LastSwiftUpdateCheck = 1510;
				LastUpgradeCheck = 1510;
				TargetAttributes = {
					645939AC2B804AFD0068C280 = {
						CreatedOnToolsVersion = 15.1;
					};
					645939C22B804AFF0068C280 = {
						CreatedOnToolsVersion = 15.1;
						TestTargetID = 645939AC2B804AFD0068C280;
					};
					645939CC2B804AFF0068C280 = {
						CreatedOnToolsVersion = 15.1;
						TestTargetID = 645939AC2B804AFD0068C280;
					};
				};
			};
			buildConfigurationList = 645939A82B804AFD0068C280 /* Build configuration list for PBXProject "JKOShop" */;
			compatibilityVersion = "Xcode 14.0";
			developmentRegion = en;
			hasScannedForEncodings = 0;
			knownRegions = (
				en,
				Base,
			);
			mainGroup = 645939A42B804AFD0068C280;
			packageReferences = (
				64E5ABF12B80539F0002940C /* XCRemoteSwiftPackageReference "RxSwift" */,
				64E5AC062B8053C00002940C /* XCRemoteSwiftPackageReference "Kingfisher" */,
				64E5AC092B8054410002940C /* XCRemoteSwiftPackageReference "SnapKit" */,
			);
			productRefGroup = 645939AE2B804AFD0068C280 /* Products */;
			projectDirPath = "";
			projectRoot = "";
			targets = (
				645939AC2B804AFD0068C280 /* JKOShop */,
				645939C22B804AFF0068C280 /* JKOShopTests */,
				645939CC2B804AFF0068C280 /* JKOShopUITests */,
			);
		};
/* End PBXProject section */

/* Begin PBXResourcesBuildPhase section */
		645939AB2B804AFD0068C280 /* Resources */ = {
			isa = PBXResourcesBuildPhase;
			buildActionMask = 2147483647;
			files = (
				645939BD2B804AFF0068C280 /* LaunchScreen.storyboard in Resources */,
				645939BA2B804AFF0068C280 /* Assets.xcassets in Resources */,
				64E5AC102B805A9A0002940C /* Product_list.json in Resources */,
			);
			runOnlyForDeploymentPostprocessing = 0;
		};
		645939C12B804AFF0068C280 /* Resources */ = {
			isa = PBXResourcesBuildPhase;
			buildActionMask = 2147483647;
			files = (
			);
			runOnlyForDeploymentPostprocessing = 0;
		};
		645939CB2B804AFF0068C280 /* Resources */ = {
			isa = PBXResourcesBuildPhase;
			buildActionMask = 2147483647;
			files = (
			);
			runOnlyForDeploymentPostprocessing = 0;
		};
/* End PBXResourcesBuildPhase section */

/* Begin PBXSourcesBuildPhase section */
		645939A92B804AFD0068C280 /* Sources */ = {
			isa = PBXSourcesBuildPhase;
			buildActionMask = 2147483647;
			files = (
				64E5AC632B8082D90002940C /* ProductListEndpoint.swift in Sources */,
				645939B52B804AFD0068C280 /* ViewController.swift in Sources */,
				64523D6F2B80B684007F2963 /* OrderCheckingViewModel.swift in Sources */,
				64E5AC5A2B807FBC0002940C /* ProductListUseCase.swift in Sources */,
				64E5AC562B807F5E0002940C /* ProductList.swift in Sources */,
				64E5AC302B805F670002940C /* EmptyView.swift in Sources */,
				64E5AC952B8094BB0002940C /* ProductDetailCoordinatorProtocol.swift in Sources */,
				64E5AC9B2B80AEDF0002940C /* CartUseCase.swift in Sources */,
				64E5ACA72B80B2230002940C /* CartTableViewCell.swift in Sources */,
				64E5AC9F2B80AF2E0002940C /* Cart.swift in Sources */,
				64E5AC7F2B8088FD0002940C /* Int++String.swift in Sources */,
				64E5AC722B8087150002940C /* Reactive+UIViewController.swift in Sources */,
				64523D6D2B80B628007F2963 /* OrderChekingCoordinatorProtocol.swift in Sources */,
				64E5AC6A2B8086380002940C /* ProductListCell.swift in Sources */,
				64E5AC1D2B805D090002940C /* Endpoint.swift in Sources */,
				64E5AC222B805E8F0002940C /* ProductListViewController.swift in Sources */,
				64E5ACAD2B80B3B80002940C /* OrderChecking.swift in Sources */,
				645939B12B804AFD0068C280 /* AppDelegate.swift in Sources */,
				64E5AC3E2B8079170002940C /* NetwrokService.swift in Sources */,
				64E5AC152B805C570002940C /* Order.swift in Sources */,
				64E5AC702B8086DA0002940C /* ProductCoordinatorProcotol.swift in Sources */,
				64E5AC322B805F870002940C /* IndicatorView.swift in Sources */,
				64E5AC6C2B8086750002940C /* UITableView++.swift in Sources */,
				64E5AC2C2B805F2F0002940C /* OrderCheckingViewController.swift in Sources */,
				64E5AC7D2B8088EB0002940C /* Date++String.swift in Sources */,
				64E5AC852B8092AB0002940C /* ProductDetailUseCase.swift in Sources */,
				64E5AC2E2B805F410002940C /* HistoryOrderViewController.swift in Sources */,
				64E5AC2A2B805F120002940C /* CartViewController.swift in Sources */,
				64523D6A2B80B5EE007F2963 /* OrderCheckingCell.swift in Sources */,
				64E5AC742B8087650002940C /* Coordinator.swift in Sources */,
				64E5AC3A2B8078BC0002940C /* ViewModelType.swift in Sources */,
				64523D752B80BA39007F2963 /* HistoryOrder.swift in Sources */,
				64E5AC3C2B8078DB0002940C /* ShopItemsViewModel.swift in Sources */,
				64E5ACA92B80B3900002940C /* OrderFooterViewModel.swift in Sources */,
				64E5AC1B2B805CC10002940C /* ErrorTracker.swift in Sources */,
				64E5AC132B805C280002940C /* ShopItem.swift in Sources */,
				64E5AC6E2B8086BE0002940C /* ProductListViewModel.swift in Sources */,
				64E5ACA32B80AFF20002940C /* CartViewModel.swift in Sources */,
				64E5AC872B8092DA0002940C /* UseCase.swift in Sources */,
				64E5AC282B805F010002940C /* ProductDetailViewController.swift in Sources */,
				64E5AC892B8093E00002940C /* Repository.swift in Sources */,
				64E5AC9D2B80AEFC0002940C /* CartViewCellViewModel.swift in Sources */,
				64523D732B80BA25007F2963 /* HistoryOrderUseCase.swift in Sources */,
				64E5AC652B8083A00002940C /* RandomImageInfo.swift in Sources */,
				64E5AC8B2B8093F80002940C /* ProductDetail.swift in Sources */,
				64E5AC172B805C6E0002940C /* ErrorInfo.swift in Sources */,
				64E5AC192B805CA70002940C /* HudTracker.swift in Sources */,
				64E5ACA12B80AF940002940C /* CartViewCoordinatorProtocol.swift in Sources */,
				64E5ACAB2B80B3A60002940C /* OrderCheckingUseCase.swift in Sources */,
				645939B32B804AFD0068C280 /* SceneDelegate.swift in Sources */,
				64E5AC932B8094B00002940C /* ProductDetailViewModel.swift in Sources */,
			);
			runOnlyForDeploymentPostprocessing = 0;
		};
		645939BF2B804AFF0068C280 /* Sources */ = {
			isa = PBXSourcesBuildPhase;
			buildActionMask = 2147483647;
			files = (
				64E5AC402B80799F0002940C /* OrderTests.swift in Sources */,
				64E5AC8D2B8094200002940C /* ProductDetailUseCaseTests.swift in Sources */,
				64E5AC992B8095970002940C /* ProductDetailViewModelTests.swift in Sources */,
				64E5AC672B80857E0002940C /* ProductListUseCaseTests.swift in Sources */,
				64E5ACA52B80B01D0002940C /* CartViewModelTests.swift in Sources */,
				64523D772B80BA88007F2963 /* HistoryOrderTests.swift in Sources */,
				64E5AC792B8088690002940C /* ProductListViewModelTests.swift in Sources */,
				64E5AC812B8089450002940C /* MockShopModel.swift in Sources */,
				64E5AC422B8079D20002940C /* ShopItemTests.swift in Sources */,
				64E5AC762B8087E60002940C /* MockCoordinator.swift in Sources */,
				64E5ACAF2B80B40B0002940C /* OrderCheckingUseCaseTests.swift in Sources */,
				64E5AC7B2B80888E0002940C /* MockUseCase.swift in Sources */,
				64E5AC5D2B807FEB0002940C /* MockService.swift in Sources */,
				64E5AC912B80944F0002940C /* MockRepo.swift in Sources */,
				64523D712B80B6B0007F2963 /* OrderCheckingViewModelTests.swift in Sources */,
			);
			runOnlyForDeploymentPostprocessing = 0;
		};
		645939C92B804AFF0068C280 /* Sources */ = {
			isa = PBXSourcesBuildPhase;
			buildActionMask = 2147483647;
			files = (
				645939D22B804AFF0068C280 /* JKOShopUITests.swift in Sources */,
				645939D42B804AFF0068C280 /* JKOShopUITestsLaunchTests.swift in Sources */,
			);
			runOnlyForDeploymentPostprocessing = 0;
		};
/* End PBXSourcesBuildPhase section */

/* Begin PBXTargetDependency section */
		645939C52B804AFF0068C280 /* PBXTargetDependency */ = {
			isa = PBXTargetDependency;
			target = 645939AC2B804AFD0068C280 /* JKOShop */;
			targetProxy = 645939C42B804AFF0068C280 /* PBXContainerItemProxy */;
		};
		645939CF2B804AFF0068C280 /* PBXTargetDependency */ = {
			isa = PBXTargetDependency;
			target = 645939AC2B804AFD0068C280 /* JKOShop */;
			targetProxy = 645939CE2B804AFF0068C280 /* PBXContainerItemProxy */;
		};
/* End PBXTargetDependency section */

/* Begin PBXVariantGroup section */
		645939BB2B804AFF0068C280 /* LaunchScreen.storyboard */ = {
			isa = PBXVariantGroup;
			children = (
				645939BC2B804AFF0068C280 /* Base */,
			);
			name = LaunchScreen.storyboard;
			sourceTree = "<group>";
		};
/* End PBXVariantGroup section */

/* Begin XCBuildConfiguration section */
		645939D52B804AFF0068C280 /* Debug */ = {
			isa = XCBuildConfiguration;
			buildSettings = {
				ALWAYS_SEARCH_USER_PATHS = NO;
				ASSETCATALOG_COMPILER_GENERATE_SWIFT_ASSET_SYMBOL_EXTENSIONS = YES;
				CLANG_ANALYZER_NONNULL = YES;
				CLANG_ANALYZER_NUMBER_OBJECT_CONVERSION = YES_AGGRESSIVE;
				CLANG_CXX_LANGUAGE_STANDARD = "gnu++20";
				CLANG_ENABLE_MODULES = YES;
				CLANG_ENABLE_OBJC_ARC = YES;
				CLANG_ENABLE_OBJC_WEAK = YES;
				CLANG_WARN_BLOCK_CAPTURE_AUTORELEASING = YES;
				CLANG_WARN_BOOL_CONVERSION = YES;
				CLANG_WARN_COMMA = YES;
				CLANG_WARN_CONSTANT_CONVERSION = YES;
				CLANG_WARN_DEPRECATED_OBJC_IMPLEMENTATIONS = YES;
				CLANG_WARN_DIRECT_OBJC_ISA_USAGE = YES_ERROR;
				CLANG_WARN_DOCUMENTATION_COMMENTS = YES;
				CLANG_WARN_EMPTY_BODY = YES;
				CLANG_WARN_ENUM_CONVERSION = YES;
				CLANG_WARN_INFINITE_RECURSION = YES;
				CLANG_WARN_INT_CONVERSION = YES;
				CLANG_WARN_NON_LITERAL_NULL_CONVERSION = YES;
				CLANG_WARN_OBJC_IMPLICIT_RETAIN_SELF = YES;
				CLANG_WARN_OBJC_LITERAL_CONVERSION = YES;
				CLANG_WARN_OBJC_ROOT_CLASS = YES_ERROR;
				CLANG_WARN_QUOTED_INCLUDE_IN_FRAMEWORK_HEADER = YES;
				CLANG_WARN_RANGE_LOOP_ANALYSIS = YES;
				CLANG_WARN_STRICT_PROTOTYPES = YES;
				CLANG_WARN_SUSPICIOUS_MOVE = YES;
				CLANG_WARN_UNGUARDED_AVAILABILITY = YES_AGGRESSIVE;
				CLANG_WARN_UNREACHABLE_CODE = YES;
				CLANG_WARN__DUPLICATE_METHOD_MATCH = YES;
				COPY_PHASE_STRIP = NO;
				DEBUG_INFORMATION_FORMAT = dwarf;
				ENABLE_STRICT_OBJC_MSGSEND = YES;
				ENABLE_TESTABILITY = YES;
				ENABLE_USER_SCRIPT_SANDBOXING = YES;
				GCC_C_LANGUAGE_STANDARD = gnu17;
				GCC_DYNAMIC_NO_PIC = NO;
				GCC_NO_COMMON_BLOCKS = YES;
				GCC_OPTIMIZATION_LEVEL = 0;
				GCC_PREPROCESSOR_DEFINITIONS = (
					"DEBUG=1",
					"$(inherited)",
				);
				GCC_WARN_64_TO_32_BIT_CONVERSION = YES;
				GCC_WARN_ABOUT_RETURN_TYPE = YES_ERROR;
				GCC_WARN_UNDECLARED_SELECTOR = YES;
				GCC_WARN_UNINITIALIZED_AUTOS = YES_AGGRESSIVE;
				GCC_WARN_UNUSED_FUNCTION = YES;
				GCC_WARN_UNUSED_VARIABLE = YES;
				IPHONEOS_DEPLOYMENT_TARGET = 17.2;
				LOCALIZATION_PREFERS_STRING_CATALOGS = YES;
				MTL_ENABLE_DEBUG_INFO = INCLUDE_SOURCE;
				MTL_FAST_MATH = YES;
				ONLY_ACTIVE_ARCH = YES;
				SDKROOT = iphoneos;
				SWIFT_ACTIVE_COMPILATION_CONDITIONS = "DEBUG $(inherited)";
				SWIFT_OPTIMIZATION_LEVEL = "-Onone";
			};
			name = Debug;
		};
		645939D62B804AFF0068C280 /* Release */ = {
			isa = XCBuildConfiguration;
			buildSettings = {
				ALWAYS_SEARCH_USER_PATHS = NO;
				ASSETCATALOG_COMPILER_GENERATE_SWIFT_ASSET_SYMBOL_EXTENSIONS = YES;
				CLANG_ANALYZER_NONNULL = YES;
				CLANG_ANALYZER_NUMBER_OBJECT_CONVERSION = YES_AGGRESSIVE;
				CLANG_CXX_LANGUAGE_STANDARD = "gnu++20";
				CLANG_ENABLE_MODULES = YES;
				CLANG_ENABLE_OBJC_ARC = YES;
				CLANG_ENABLE_OBJC_WEAK = YES;
				CLANG_WARN_BLOCK_CAPTURE_AUTORELEASING = YES;
				CLANG_WARN_BOOL_CONVERSION = YES;
				CLANG_WARN_COMMA = YES;
				CLANG_WARN_CONSTANT_CONVERSION = YES;
				CLANG_WARN_DEPRECATED_OBJC_IMPLEMENTATIONS = YES;
				CLANG_WARN_DIRECT_OBJC_ISA_USAGE = YES_ERROR;
				CLANG_WARN_DOCUMENTATION_COMMENTS = YES;
				CLANG_WARN_EMPTY_BODY = YES;
				CLANG_WARN_ENUM_CONVERSION = YES;
				CLANG_WARN_INFINITE_RECURSION = YES;
				CLANG_WARN_INT_CONVERSION = YES;
				CLANG_WARN_NON_LITERAL_NULL_CONVERSION = YES;
				CLANG_WARN_OBJC_IMPLICIT_RETAIN_SELF = YES;
				CLANG_WARN_OBJC_LITERAL_CONVERSION = YES;
				CLANG_WARN_OBJC_ROOT_CLASS = YES_ERROR;
				CLANG_WARN_QUOTED_INCLUDE_IN_FRAMEWORK_HEADER = YES;
				CLANG_WARN_RANGE_LOOP_ANALYSIS = YES;
				CLANG_WARN_STRICT_PROTOTYPES = YES;
				CLANG_WARN_SUSPICIOUS_MOVE = YES;
				CLANG_WARN_UNGUARDED_AVAILABILITY = YES_AGGRESSIVE;
				CLANG_WARN_UNREACHABLE_CODE = YES;
				CLANG_WARN__DUPLICATE_METHOD_MATCH = YES;
				COPY_PHASE_STRIP = NO;
				DEBUG_INFORMATION_FORMAT = "dwarf-with-dsym";
				ENABLE_NS_ASSERTIONS = NO;
				ENABLE_STRICT_OBJC_MSGSEND = YES;
				ENABLE_USER_SCRIPT_SANDBOXING = YES;
				GCC_C_LANGUAGE_STANDARD = gnu17;
				GCC_NO_COMMON_BLOCKS = YES;
				GCC_WARN_64_TO_32_BIT_CONVERSION = YES;
				GCC_WARN_ABOUT_RETURN_TYPE = YES_ERROR;
				GCC_WARN_UNDECLARED_SELECTOR = YES;
				GCC_WARN_UNINITIALIZED_AUTOS = YES_AGGRESSIVE;
				GCC_WARN_UNUSED_FUNCTION = YES;
				GCC_WARN_UNUSED_VARIABLE = YES;
				IPHONEOS_DEPLOYMENT_TARGET = 17.2;
				LOCALIZATION_PREFERS_STRING_CATALOGS = YES;
				MTL_ENABLE_DEBUG_INFO = NO;
				MTL_FAST_MATH = YES;
				SDKROOT = iphoneos;
				SWIFT_COMPILATION_MODE = wholemodule;
				VALIDATE_PRODUCT = YES;
			};
			name = Release;
		};
		645939D82B804AFF0068C280 /* Debug */ = {
			isa = XCBuildConfiguration;
			buildSettings = {
				ASSETCATALOG_COMPILER_APPICON_NAME = AppIcon;
				ASSETCATALOG_COMPILER_GLOBAL_ACCENT_COLOR_NAME = AccentColor;
				CODE_SIGN_STYLE = Automatic;
				CURRENT_PROJECT_VERSION = 1;
				DEVELOPMENT_TEAM = B4465P4QBZ;
				GENERATE_INFOPLIST_FILE = YES;
				INFOPLIST_FILE = JKOShop/Info.plist;
				INFOPLIST_KEY_UIApplicationSupportsIndirectInputEvents = YES;
				INFOPLIST_KEY_UILaunchStoryboardName = LaunchScreen;
				INFOPLIST_KEY_UISupportedInterfaceOrientations_iPad = "UIInterfaceOrientationPortrait UIInterfaceOrientationPortraitUpsideDown UIInterfaceOrientationLandscapeLeft UIInterfaceOrientationLandscapeRight";
				INFOPLIST_KEY_UISupportedInterfaceOrientations_iPhone = "UIInterfaceOrientationPortrait UIInterfaceOrientationLandscapeLeft UIInterfaceOrientationLandscapeRight";
				LD_RUNPATH_SEARCH_PATHS = (
					"$(inherited)",
					"@executable_path/Frameworks",
				);
				MARKETING_VERSION = 1.0;
				PRODUCT_BUNDLE_IDENTIFIER = com.drake.JKOShop;
				PRODUCT_NAME = "$(TARGET_NAME)";
				SUPPORTED_PLATFORMS = "iphoneos iphonesimulator";
				SUPPORTS_MACCATALYST = NO;
				SUPPORTS_MAC_DESIGNED_FOR_IPHONE_IPAD = NO;
				SWIFT_EMIT_LOC_STRINGS = YES;
				SWIFT_VERSION = 5.0;
				TARGETED_DEVICE_FAMILY = 1;
			};
			name = Debug;
		};
		645939D92B804AFF0068C280 /* Release */ = {
			isa = XCBuildConfiguration;
			buildSettings = {
				ASSETCATALOG_COMPILER_APPICON_NAME = AppIcon;
				ASSETCATALOG_COMPILER_GLOBAL_ACCENT_COLOR_NAME = AccentColor;
				CODE_SIGN_STYLE = Automatic;
				CURRENT_PROJECT_VERSION = 1;
				DEVELOPMENT_TEAM = B4465P4QBZ;
				GENERATE_INFOPLIST_FILE = YES;
				INFOPLIST_FILE = JKOShop/Info.plist;
				INFOPLIST_KEY_UIApplicationSupportsIndirectInputEvents = YES;
				INFOPLIST_KEY_UILaunchStoryboardName = LaunchScreen;
				INFOPLIST_KEY_UISupportedInterfaceOrientations_iPad = "UIInterfaceOrientationPortrait UIInterfaceOrientationPortraitUpsideDown UIInterfaceOrientationLandscapeLeft UIInterfaceOrientationLandscapeRight";
				INFOPLIST_KEY_UISupportedInterfaceOrientations_iPhone = "UIInterfaceOrientationPortrait UIInterfaceOrientationLandscapeLeft UIInterfaceOrientationLandscapeRight";
				LD_RUNPATH_SEARCH_PATHS = (
					"$(inherited)",
					"@executable_path/Frameworks",
				);
				MARKETING_VERSION = 1.0;
				PRODUCT_BUNDLE_IDENTIFIER = com.drake.JKOShop;
				PRODUCT_NAME = "$(TARGET_NAME)";
				SUPPORTED_PLATFORMS = "iphoneos iphonesimulator";
				SUPPORTS_MACCATALYST = NO;
				SUPPORTS_MAC_DESIGNED_FOR_IPHONE_IPAD = NO;
				SWIFT_EMIT_LOC_STRINGS = YES;
				SWIFT_VERSION = 5.0;
				TARGETED_DEVICE_FAMILY = 1;
			};
			name = Release;
		};
		645939DB2B804AFF0068C280 /* Debug */ = {
			isa = XCBuildConfiguration;
			buildSettings = {
				ALWAYS_EMBED_SWIFT_STANDARD_LIBRARIES = YES;
				BUNDLE_LOADER = "$(TEST_HOST)";
				CODE_SIGN_STYLE = Automatic;
				CURRENT_PROJECT_VERSION = 1;
				DEVELOPMENT_TEAM = B4465P4QBZ;
				GENERATE_INFOPLIST_FILE = YES;
				IPHONEOS_DEPLOYMENT_TARGET = 17.2;
				MARKETING_VERSION = 1.0;
				PRODUCT_BUNDLE_IDENTIFIER = com.drake.JKOShopTests;
				PRODUCT_NAME = "$(TARGET_NAME)";
				SWIFT_EMIT_LOC_STRINGS = NO;
				SWIFT_VERSION = 5.0;
				TARGETED_DEVICE_FAMILY = "1,2";
				TEST_HOST = "$(BUILT_PRODUCTS_DIR)/JKOShop.app/$(BUNDLE_EXECUTABLE_FOLDER_PATH)/JKOShop";
			};
			name = Debug;
		};
		645939DC2B804AFF0068C280 /* Release */ = {
			isa = XCBuildConfiguration;
			buildSettings = {
				ALWAYS_EMBED_SWIFT_STANDARD_LIBRARIES = YES;
				BUNDLE_LOADER = "$(TEST_HOST)";
				CODE_SIGN_STYLE = Automatic;
				CURRENT_PROJECT_VERSION = 1;
				DEVELOPMENT_TEAM = B4465P4QBZ;
				GENERATE_INFOPLIST_FILE = YES;
				IPHONEOS_DEPLOYMENT_TARGET = 17.2;
				MARKETING_VERSION = 1.0;
				PRODUCT_BUNDLE_IDENTIFIER = com.drake.JKOShopTests;
				PRODUCT_NAME = "$(TARGET_NAME)";
				SWIFT_EMIT_LOC_STRINGS = NO;
				SWIFT_VERSION = 5.0;
				TARGETED_DEVICE_FAMILY = "1,2";
				TEST_HOST = "$(BUILT_PRODUCTS_DIR)/JKOShop.app/$(BUNDLE_EXECUTABLE_FOLDER_PATH)/JKOShop";
			};
			name = Release;
		};
		645939DE2B804AFF0068C280 /* Debug */ = {
			isa = XCBuildConfiguration;
			buildSettings = {
				ALWAYS_EMBED_SWIFT_STANDARD_LIBRARIES = YES;
				CODE_SIGN_STYLE = Automatic;
				CURRENT_PROJECT_VERSION = 1;
				DEVELOPMENT_TEAM = B4465P4QBZ;
				GENERATE_INFOPLIST_FILE = YES;
				MARKETING_VERSION = 1.0;
				PRODUCT_BUNDLE_IDENTIFIER = com.drake.JKOShopUITests;
				PRODUCT_NAME = "$(TARGET_NAME)";
				SWIFT_EMIT_LOC_STRINGS = NO;
				SWIFT_VERSION = 5.0;
				TARGETED_DEVICE_FAMILY = "1,2";
				TEST_TARGET_NAME = JKOShop;
			};
			name = Debug;
		};
		645939DF2B804AFF0068C280 /* Release */ = {
			isa = XCBuildConfiguration;
			buildSettings = {
				ALWAYS_EMBED_SWIFT_STANDARD_LIBRARIES = YES;
				CODE_SIGN_STYLE = Automatic;
				CURRENT_PROJECT_VERSION = 1;
				DEVELOPMENT_TEAM = B4465P4QBZ;
				GENERATE_INFOPLIST_FILE = YES;
				MARKETING_VERSION = 1.0;
				PRODUCT_BUNDLE_IDENTIFIER = com.drake.JKOShopUITests;
				PRODUCT_NAME = "$(TARGET_NAME)";
				SWIFT_EMIT_LOC_STRINGS = NO;
				SWIFT_VERSION = 5.0;
				TARGETED_DEVICE_FAMILY = "1,2";
				TEST_TARGET_NAME = JKOShop;
			};
			name = Release;
		};
/* End XCBuildConfiguration section */

/* Begin XCConfigurationList section */
		645939A82B804AFD0068C280 /* Build configuration list for PBXProject "JKOShop" */ = {
			isa = XCConfigurationList;
			buildConfigurations = (
				645939D52B804AFF0068C280 /* Debug */,
				645939D62B804AFF0068C280 /* Release */,
			);
			defaultConfigurationIsVisible = 0;
			defaultConfigurationName = Release;
		};
		645939D72B804AFF0068C280 /* Build configuration list for PBXNativeTarget "JKOShop" */ = {
			isa = XCConfigurationList;
			buildConfigurations = (
				645939D82B804AFF0068C280 /* Debug */,
				645939D92B804AFF0068C280 /* Release */,
			);
			defaultConfigurationIsVisible = 0;
			defaultConfigurationName = Release;
		};
		645939DA2B804AFF0068C280 /* Build configuration list for PBXNativeTarget "JKOShopTests" */ = {
			isa = XCConfigurationList;
			buildConfigurations = (
				645939DB2B804AFF0068C280 /* Debug */,
				645939DC2B804AFF0068C280 /* Release */,
			);
			defaultConfigurationIsVisible = 0;
			defaultConfigurationName = Release;
		};
		645939DD2B804AFF0068C280 /* Build configuration list for PBXNativeTarget "JKOShopUITests" */ = {
			isa = XCConfigurationList;
			buildConfigurations = (
				645939DE2B804AFF0068C280 /* Debug */,
				645939DF2B804AFF0068C280 /* Release */,
			);
			defaultConfigurationIsVisible = 0;
			defaultConfigurationName = Release;
		};
/* End XCConfigurationList section */

/* Begin XCRemoteSwiftPackageReference section */
		64E5ABF12B80539F0002940C /* XCRemoteSwiftPackageReference "RxSwift" */ = {
			isa = XCRemoteSwiftPackageReference;
			repositoryURL = "https://github.com/ReactiveX/RxSwift";
			requirement = {
				kind = upToNextMajorVersion;
				minimumVersion = 6.6.0;
			};
		};
		64E5AC062B8053C00002940C /* XCRemoteSwiftPackageReference "Kingfisher" */ = {
			isa = XCRemoteSwiftPackageReference;
			repositoryURL = "https://github.com/onevcat/Kingfisher";
			requirement = {
				kind = upToNextMajorVersion;
				minimumVersion = 7.11.0;
			};
		};
		64E5AC092B8054410002940C /* XCRemoteSwiftPackageReference "SnapKit" */ = {
			isa = XCRemoteSwiftPackageReference;
			repositoryURL = "https://github.com/SnapKit/SnapKit";
			requirement = {
				kind = upToNextMajorVersion;
				minimumVersion = 5.7.0;
			};
		};
/* End XCRemoteSwiftPackageReference section */

/* Begin XCSwiftPackageProductDependency section */
		64E5ABF22B80539F0002940C /* RxBlocking */ = {
			isa = XCSwiftPackageProductDependency;
			package = 64E5ABF12B80539F0002940C /* XCRemoteSwiftPackageReference "RxSwift" */;
			productName = RxBlocking;
		};
		64E5ABF42B80539F0002940C /* RxBlocking-Dynamic */ = {
			isa = XCSwiftPackageProductDependency;
			package = 64E5ABF12B80539F0002940C /* XCRemoteSwiftPackageReference "RxSwift" */;
			productName = "RxBlocking-Dynamic";
		};
		64E5ABF62B80539F0002940C /* RxCocoa */ = {
			isa = XCSwiftPackageProductDependency;
			package = 64E5ABF12B80539F0002940C /* XCRemoteSwiftPackageReference "RxSwift" */;
			productName = RxCocoa;
		};
		64E5ABF82B80539F0002940C /* RxCocoa-Dynamic */ = {
			isa = XCSwiftPackageProductDependency;
			package = 64E5ABF12B80539F0002940C /* XCRemoteSwiftPackageReference "RxSwift" */;
			productName = "RxCocoa-Dynamic";
		};
		64E5ABFA2B80539F0002940C /* RxRelay */ = {
			isa = XCSwiftPackageProductDependency;
			package = 64E5ABF12B80539F0002940C /* XCRemoteSwiftPackageReference "RxSwift" */;
			productName = RxRelay;
		};
		64E5ABFC2B80539F0002940C /* RxRelay-Dynamic */ = {
			isa = XCSwiftPackageProductDependency;
			package = 64E5ABF12B80539F0002940C /* XCRemoteSwiftPackageReference "RxSwift" */;
			productName = "RxRelay-Dynamic";
		};
		64E5ABFE2B80539F0002940C /* RxSwift */ = {
			isa = XCSwiftPackageProductDependency;
			package = 64E5ABF12B80539F0002940C /* XCRemoteSwiftPackageReference "RxSwift" */;
			productName = RxSwift;
		};
		64E5AC002B80539F0002940C /* RxSwift-Dynamic */ = {
			isa = XCSwiftPackageProductDependency;
			package = 64E5ABF12B80539F0002940C /* XCRemoteSwiftPackageReference "RxSwift" */;
			productName = "RxSwift-Dynamic";
		};
		64E5AC022B80539F0002940C /* RxTest */ = {
			isa = XCSwiftPackageProductDependency;
			package = 64E5ABF12B80539F0002940C /* XCRemoteSwiftPackageReference "RxSwift" */;
			productName = RxTest;
		};
		64E5AC042B80539F0002940C /* RxTest-Dynamic */ = {
			isa = XCSwiftPackageProductDependency;
			package = 64E5ABF12B80539F0002940C /* XCRemoteSwiftPackageReference "RxSwift" */;
			productName = "RxTest-Dynamic";
		};
		64E5AC072B8053C00002940C /* Kingfisher */ = {
			isa = XCSwiftPackageProductDependency;
			package = 64E5AC062B8053C00002940C /* XCRemoteSwiftPackageReference "Kingfisher" */;
			productName = Kingfisher;
		};
		64E5AC0A2B8054410002940C /* SnapKit */ = {
			isa = XCSwiftPackageProductDependency;
			package = 64E5AC092B8054410002940C /* XCRemoteSwiftPackageReference "SnapKit" */;
			productName = SnapKit;
		};
		64E5AC0C2B8054410002940C /* SnapKit-Dynamic */ = {
			isa = XCSwiftPackageProductDependency;
			package = 64E5AC092B8054410002940C /* XCRemoteSwiftPackageReference "SnapKit" */;
			productName = "SnapKit-Dynamic";
		};
/* End XCSwiftPackageProductDependency section */
	};
	rootObject = 645939A52B804AFD0068C280 /* Project object */;
}
